
Microsoft Visual Studio Solution File, Format Version 12.00
# Visual Studio 15
VisualStudioVersion = 15.0.28307.421
MinimumVisualStudioVersion = 10.0.40219.1
Project("{FAE04EC0-301F-11D3-BF4B-00C04F79EFBC}") = "AU_ManageStockPredict", "AU_ManageStockPredict\AU_ManageStockPredict.csproj", "{46955C40-DD05-4359-A2CB-E1FAF01D6B2B}"
EndProject
Global
	GlobalSection(SolutionConfigurationPlatforms) = preSolution
		Debug|Any CPU = Debug|Any CPU
		Release|Any CPU = Release|Any CPU
	EndGlobalSection
	GlobalSection(ProjectConfigurationPlatforms) = postSolution
		{46955C40-DD05-4359-A2CB-E1FAF01D6B2B}.Debug|Any CPU.ActiveCfg = Debug|Any CPU
		{46955C40-DD05-4359-A2CB-E1FAF01D6B2B}.Debug|Any CPU.Build.0 = Debug|Any CPU
		{46955C40-DD05-4359-A2CB-E1FAF01D6B2B}.Release|Any CPU.ActiveCfg = Release|Any CPU
		{46955C40-DD05-4359-A2CB-E1FAF01D6B2B}.Release|Any CPU.Build.0 = Release|Any CPU
	EndGlobalSection
	GlobalSection(SolutionProperties) = preSolution
		HideSolutionNode = FALSE
	EndGlobalSection
	GlobalSection(ExtensibilityGlobals) = postSolution
		SolutionGuid = {A4D4FC19-8478-4E80-B514-4D144841534C}
	EndGlobalSection
EndGlobal
